// !$*UTF8*$!
{
	archiveVersion = 1;
	classes = {
	};
	objectVersion = 48;
	objects = {

/* Begin PBXBuildFile section */
		DB63527520464D1400FEF37D /* AppDelegate.swift in Sources */ = {isa = PBXBuildFile; fileRef = DB63527420464D1400FEF37D /* AppDelegate.swift */; };
		DB63527720464D1500FEF37D /* ViewController.swift in Sources */ = {isa = PBXBuildFile; fileRef = DB63527620464D1500FEF37D /* ViewController.swift */; };
		DB63527A20464D1500FEF37D /* Main.storyboard in Resources */ = {isa = PBXBuildFile; fileRef = DB63527820464D1500FEF37D /* Main.storyboard */; };
		DB63527D20464D1500FEF37D /* the_weather.xcdatamodeld in Sources */ = {isa = PBXBuildFile; fileRef = DB63527B20464D1500FEF37D /* the_weather.xcdatamodeld */; };
		DB63527F20464D1500FEF37D /* Assets.xcassets in Resources */ = {isa = PBXBuildFile; fileRef = DB63527E20464D1500FEF37D /* Assets.xcassets */; };
		DB63528220464D1500FEF37D /* LaunchScreen.storyboard in Resources */ = {isa = PBXBuildFile; fileRef = DB63528020464D1500FEF37D /* LaunchScreen.storyboard */; };
		DB63528D20464D1500FEF37D /* the_weatherTests.swift in Sources */ = {isa = PBXBuildFile; fileRef = DB63528C20464D1500FEF37D /* the_weatherTests.swift */; };
		DB63529820464D1500FEF37D /* the_weatherUITests.swift in Sources */ = {isa = PBXBuildFile; fileRef = DB63529720464D1500FEF37D /* the_weatherUITests.swift */; };
/* End PBXBuildFile section */

/* Begin PBXContainerItemProxy section */
		DB63528920464D1500FEF37D /* PBXContainerItemProxy */ = {
			isa = PBXContainerItemProxy;
			containerPortal = DB63526920464D1400FEF37D /* Project object */;
			proxyType = 1;
			remoteGlobalIDString = DB63527020464D1400FEF37D;
			remoteInfo = "the-weather";
		};
		DB63529420464D1500FEF37D /* PBXContainerItemProxy */ = {
			isa = PBXContainerItemProxy;
			containerPortal = DB63526920464D1400FEF37D /* Project object */;
			proxyType = 1;
			remoteGlobalIDString = DB63527020464D1400FEF37D;
			remoteInfo = "the-weather";
		};
/* End PBXContainerItemProxy section */

/* Begin PBXFileReference section */
		DB63527120464D1400FEF37D /* the-weather.app */ = {isa = PBXFileReference; explicitFileType = wrapper.application; includeInIndex = 0; path = "the-weather.app"; sourceTree = BUILT_PRODUCTS_DIR; };
		DB63527420464D1400FEF37D /* AppDelegate.swift */ = {isa = PBXFileReference; lastKnownFileType = sourcecode.swift; path = AppDelegate.swift; sourceTree = "<group>"; };
		DB63527620464D1500FEF37D /* ViewController.swift */ = {isa = PBXFileReference; lastKnownFileType = sourcecode.swift; path = ViewController.swift; sourceTree = "<group>"; };
		DB63527920464D1500FEF37D /* Base */ = {isa = PBXFileReference; lastKnownFileType = file.storyboard; name = Base; path = Base.lproj/Main.storyboard; sourceTree = "<group>"; };
		DB63527C20464D1500FEF37D /* the_weather.xcdatamodel */ = {isa = PBXFileReference; lastKnownFileType = wrapper.xcdatamodel; path = the_weather.xcdatamodel; sourceTree = "<group>"; };
		DB63527E20464D1500FEF37D /* Assets.xcassets */ = {isa = PBXFileReference; lastKnownFileType = folder.assetcatalog; path = Assets.xcassets; sourceTree = "<group>"; };
		DB63528120464D1500FEF37D /* Base */ = {isa = PBXFileReference; lastKnownFileType = file.storyboard; name = Base; path = Base.lproj/LaunchScreen.storyboard; sourceTree = "<group>"; };
		DB63528320464D1500FEF37D /* Info.plist */ = {isa = PBXFileReference; lastKnownFileType = text.plist.xml; path = Info.plist; sourceTree = "<group>"; };
		DB63528820464D1500FEF37D /* the-weatherTests.xctest */ = {isa = PBXFileReference; explicitFileType = wrapper.cfbundle; includeInIndex = 0; path = "the-weatherTests.xctest"; sourceTree = BUILT_PRODUCTS_DIR; };
		DB63528C20464D1500FEF37D /* the_weatherTests.swift */ = {isa = PBXFileReference; lastKnownFileType = sourcecode.swift; path = the_weatherTests.swift; sourceTree = "<group>"; };
		DB63528E20464D1500FEF37D /* Info.plist */ = {isa = PBXFileReference; lastKnownFileType = text.plist.xml; path = Info.plist; sourceTree = "<group>"; };
		DB63529320464D1500FEF37D /* the-weatherUITests.xctest */ = {isa = PBXFileReference; explicitFileType = wrapper.cfbundle; includeInIndex = 0; path = "the-weatherUITests.xctest"; sourceTree = BUILT_PRODUCTS_DIR; };
		DB63529720464D1500FEF37D /* the_weatherUITests.swift */ = {isa = PBXFileReference; lastKnownFileType = sourcecode.swift; path = the_weatherUITests.swift; sourceTree = "<group>"; };
		DB63529920464D1500FEF37D /* Info.plist */ = {isa = PBXFileReference; lastKnownFileType = text.plist.xml; path = Info.plist; sourceTree = "<group>"; };
/* End PBXFileReference section */

/* Begin PBXFrameworksBuildPhase section */
		DB63526E20464D1400FEF37D /* Frameworks */ = {
			isa = PBXFrameworksBuildPhase;
			buildActionMask = 2147483647;
			files = (
			);
			runOnlyForDeploymentPostprocessing = 0;
		};
		DB63528520464D1500FEF37D /* Frameworks */ = {
			isa = PBXFrameworksBuildPhase;
			buildActionMask = 2147483647;
			files = (
			);
			runOnlyForDeploymentPostprocessing = 0;
		};
		DB63529020464D1500FEF37D /* Frameworks */ = {
			isa = PBXFrameworksBuildPhase;
			buildActionMask = 2147483647;
			files = (
			);
			runOnlyForDeploymentPostprocessing = 0;
		};
/* End PBXFrameworksBuildPhase section */

/* Begin PBXGroup section */
		DB63526820464D1400FEF37D = {
			isa = PBXGroup;
			children = (
				DB63527320464D1400FEF37D /* the-weather */,
				DB63528B20464D1500FEF37D /* the-weatherTests */,
				DB63529620464D1500FEF37D /* the-weatherUITests */,
				DB63527220464D1400FEF37D /* Products */,
			);
			sourceTree = "<group>";
		};
		DB63527220464D1400FEF37D /* Products */ = {
			isa = PBXGroup;
			children = (
				DB63527120464D1400FEF37D /* the-weather.app */,
				DB63528820464D1500FEF37D /* the-weatherTests.xctest */,
				DB63529320464D1500FEF37D /* the-weatherUITests.xctest */,
			);
			name = Products;
			sourceTree = "<group>";
		};
		DB63527320464D1400FEF37D /* the-weather */ = {
			isa = PBXGroup;
			children = (
				DB63527420464D1400FEF37D /* AppDelegate.swift */,
				DB63527620464D1500FEF37D /* ViewController.swift */,
				DB63527820464D1500FEF37D /* Main.storyboard */,
				DB63527E20464D1500FEF37D /* Assets.xcassets */,
				DB63528020464D1500FEF37D /* LaunchScreen.storyboard */,
				DB63528320464D1500FEF37D /* Info.plist */,
				DB63527B20464D1500FEF37D /* the_weather.xcdatamodeld */,
			);
			path = "the-weather";
			sourceTree = "<group>";
		};
		DB63528B20464D1500FEF37D /* the-weatherTests */ = {
			isa = PBXGroup;
			children = (
				DB63528C20464D1500FEF37D /* the_weatherTests.swift */,
				DB63528E20464D1500FEF37D /* Info.plist */,
			);
			path = "the-weatherTests";
			sourceTree = "<group>";
		};
		DB63529620464D1500FEF37D /* the-weatherUITests */ = {
			isa = PBXGroup;
			children = (
				DB63529720464D1500FEF37D /* the_weatherUITests.swift */,
				DB63529920464D1500FEF37D /* Info.plist */,
			);
			path = "the-weatherUITests";
			sourceTree = "<group>";
		};
/* End PBXGroup section */

/* Begin PBXNativeTarget section */
		DB63527020464D1400FEF37D /* the-weather */ = {
			isa = PBXNativeTarget;
			buildConfigurationList = DB63529C20464D1500FEF37D /* Build configuration list for PBXNativeTarget "the-weather" */;
			buildPhases = (
				DB63526D20464D1400FEF37D /* Sources */,
				DB63526E20464D1400FEF37D /* Frameworks */,
				DB63526F20464D1400FEF37D /* Resources */,
			);
			buildRules = (
			);
			dependencies = (
			);
			name = "the-weather";
			productName = "the-weather";
			productReference = DB63527120464D1400FEF37D /* the-weather.app */;
			productType = "com.apple.product-type.application";
		};
		DB63528720464D1500FEF37D /* the-weatherTests */ = {
			isa = PBXNativeTarget;
			buildConfigurationList = DB63529F20464D1500FEF37D /* Build configuration list for PBXNativeTarget "the-weatherTests" */;
			buildPhases = (
				DB63528420464D1500FEF37D /* Sources */,
				DB63528520464D1500FEF37D /* Frameworks */,
				DB63528620464D1500FEF37D /* Resources */,
			);
			buildRules = (
			);
			dependencies = (
				DB63528A20464D1500FEF37D /* PBXTargetDependency */,
			);
			name = "the-weatherTests";
			productName = "the-weatherTests";
			productReference = DB63528820464D1500FEF37D /* the-weatherTests.xctest */;
			productType = "com.apple.product-type.bundle.unit-test";
		};
		DB63529220464D1500FEF37D /* the-weatherUITests */ = {
			isa = PBXNativeTarget;
			buildConfigurationList = DB6352A220464D1500FEF37D /* Build configuration list for PBXNativeTarget "the-weatherUITests" */;
			buildPhases = (
				DB63528F20464D1500FEF37D /* Sources */,
				DB63529020464D1500FEF37D /* Frameworks */,
				DB63529120464D1500FEF37D /* Resources */,
			);
			buildRules = (
			);
			dependencies = (
				DB63529520464D1500FEF37D /* PBXTargetDependency */,
			);
			name = "the-weatherUITests";
			productName = "the-weatherUITests";
			productReference = DB63529320464D1500FEF37D /* the-weatherUITests.xctest */;
			productType = "com.apple.product-type.bundle.ui-testing";
		};
/* End PBXNativeTarget section */

/* Begin PBXProject section */
		DB63526920464D1400FEF37D /* Project object */ = {
			isa = PBXProject;
			attributes = {
				LastSwiftUpdateCheck = 0920;
				LastUpgradeCheck = 0920;
				ORGANIZATIONNAME = moonshadow;
				TargetAttributes = {
					DB63527020464D1400FEF37D = {
						CreatedOnToolsVersion = 9.2;
						ProvisioningStyle = Automatic;
					};
					DB63528720464D1500FEF37D = {
						CreatedOnToolsVersion = 9.2;
						ProvisioningStyle = Automatic;
						TestTargetID = DB63527020464D1400FEF37D;
					};
					DB63529220464D1500FEF37D = {
						CreatedOnToolsVersion = 9.2;
						ProvisioningStyle = Automatic;
						TestTargetID = DB63527020464D1400FEF37D;
					};
				};
			};
			buildConfigurationList = DB63526C20464D1400FEF37D /* Build configuration list for PBXProject "the-weather" */;
			compatibilityVersion = "Xcode 8.0";
			developmentRegion = en;
			hasScannedForEncodings = 0;
			knownRegions = (
				en,
				Base,
			);
			mainGroup = DB63526820464D1400FEF37D;
			productRefGroup = DB63527220464D1400FEF37D /* Products */;
			projectDirPath = "";
			projectRoot = "";
			targets = (
				DB63527020464D1400FEF37D /* the-weather */,
				DB63528720464D1500FEF37D /* the-weatherTests */,
				DB63529220464D1500FEF37D /* the-weatherUITests */,
			);
		};
/* End PBXProject section */

/* Begin PBXResourcesBuildPhase section */
		DB63526F20464D1400FEF37D /* Resources */ = {
			isa = PBXResourcesBuildPhase;
			buildActionMask = 2147483647;
			files = (
				DB63528220464D1500FEF37D /* LaunchScreen.storyboard in Resources */,
				DB63527F20464D1500FEF37D /* Assets.xcassets in Resources */,
				DB63527A20464D1500FEF37D /* Main.storyboard in Resources */,
			);
			runOnlyForDeploymentPostprocessing = 0;
		};
		DB63528620464D1500FEF37D /* Resources */ = {
			isa = PBXResourcesBuildPhase;
			buildActionMask = 2147483647;
			files = (
			);
			runOnlyForDeploymentPostprocessing = 0;
		};
		DB63529120464D1500FEF37D /* Resources */ = {
			isa = PBXResourcesBuildPhase;
			buildActionMask = 2147483647;
			files = (
			);
			runOnlyForDeploymentPostprocessing = 0;
		};
/* End PBXResourcesBuildPhase section */

/* Begin PBXSourcesBuildPhase section */
		DB63526D20464D1400FEF37D /* Sources */ = {
			isa = PBXSourcesBuildPhase;
			buildActionMask = 2147483647;
			files = (
				DB63527D20464D1500FEF37D /* the_weather.xcdatamodeld in Sources */,
				DB63527720464D1500FEF37D /* ViewController.swift in Sources */,
				DB63527520464D1400FEF37D /* AppDelegate.swift in Sources */,
			);
			runOnlyForDeploymentPostprocessing = 0;
		};
		DB63528420464D1500FEF37D /* Sources */ = {
			isa = PBXSourcesBuildPhase;
			buildActionMask = 2147483647;
			files = (
				DB63528D20464D1500FEF37D /* the_weatherTests.swift in Sources */,
			);
			runOnlyForDeploymentPostprocessing = 0;
		};
		DB63528F20464D1500FEF37D /* Sources */ = {
			isa = PBXSourcesBuildPhase;
			buildActionMask = 2147483647;
			files = (
				DB63529820464D1500FEF37D /* the_weatherUITests.swift in Sources */,
			);
			runOnlyForDeploymentPostprocessing = 0;
		};
/* End PBXSourcesBuildPhase section */

/* Begin PBXTargetDependency section */
		DB63528A20464D1500FEF37D /* PBXTargetDependency */ = {
			isa = PBXTargetDependency;
			target = DB63527020464D1400FEF37D /* the-weather */;
			targetProxy = DB63528920464D1500FEF37D /* PBXContainerItemProxy */;
		};
		DB63529520464D1500FEF37D /* PBXTargetDependency */ = {
			isa = PBXTargetDependency;
			target = DB63527020464D1400FEF37D /* the-weather */;
			targetProxy = DB63529420464D1500FEF37D /* PBXContainerItemProxy */;
		};
/* End PBXTargetDependency section */

/* Begin PBXVariantGroup section */
		DB63527820464D1500FEF37D /* Main.storyboard */ = {
			isa = PBXVariantGroup;
			children = (
				DB63527920464D1500FEF37D /* Base */,
			);
			name = Main.storyboard;
			sourceTree = "<group>";
		};
		DB63528020464D1500FEF37D /* LaunchScreen.storyboard */ = {
			isa = PBXVariantGroup;
			children = (
				DB63528120464D1500FEF37D /* Base */,
			);
			name = LaunchScreen.storyboard;
			sourceTree = "<group>";
		};
/* End PBXVariantGroup section */

/* Begin XCBuildConfiguration section */
		DB63529A20464D1500FEF37D /* Debug */ = {
			isa = XCBuildConfiguration;
			buildSettings = {
				ALWAYS_SEARCH_USER_PATHS = NO;
				CLANG_ANALYZER_NONNULL = YES;
				CLANG_ANALYZER_NUMBER_OBJECT_CONVERSION = YES_AGGRESSIVE;
				CLANG_CXX_LANGUAGE_STANDARD = "gnu++14";
				CLANG_CXX_LIBRARY = "libc++";
				CLANG_ENABLE_MODULES = YES;
				CLANG_ENABLE_OBJC_ARC = YES;
				CLANG_WARN_BLOCK_CAPTURE_AUTORELEASING = YES;
				CLANG_WARN_BOOL_CONVERSION = YES;
				CLANG_WARN_COMMA = YES;
				CLANG_WARN_CONSTANT_CONVERSION = YES;
				CLANG_WARN_DIRECT_OBJC_ISA_USAGE = YES_ERROR;
				CLANG_WARN_DOCUMENTATION_COMMENTS = YES;
				CLANG_WARN_EMPTY_BODY = YES;
				CLANG_WARN_ENUM_CONVERSION = YES;
				CLANG_WARN_INFINITE_RECURSION = YES;
				CLANG_WARN_INT_CONVERSION = YES;
				CLANG_WARN_NON_LITERAL_NULL_CONVERSION = YES;
				CLANG_WARN_OBJC_LITERAL_CONVERSION = YES;
				CLANG_WARN_OBJC_ROOT_CLASS = YES_ERROR;
				CLANG_WARN_RANGE_LOOP_ANALYSIS = YES;
				CLANG_WARN_STRICT_PROTOTYPES = YES;
				CLANG_WARN_SUSPICIOUS_MOVE = YES;
				CLANG_WARN_UNGUARDED_AVAILABILITY = YES_AGGRESSIVE;
				CLANG_WARN_UNREACHABLE_CODE = YES;
				CLANG_WARN__DUPLICATE_METHOD_MATCH = YES;
				CODE_SIGN_IDENTITY = "iPhone Developer";
				COPY_PHASE_STRIP = NO;
				DEBUG_INFORMATION_FORMAT = dwarf;
				ENABLE_STRICT_OBJC_MSGSEND = YES;
				ENABLE_TESTABILITY = YES;
				GCC_C_LANGUAGE_STANDARD = gnu11;
				GCC_DYNAMIC_NO_PIC = NO;
				GCC_NO_COMMON_BLOCKS = YES;
				GCC_OPTIMIZATION_LEVEL = 0;
				GCC_PREPROCESSOR_DEFINITIONS = (
					"DEBUG=1",
					"$(inherited)",
				);
				GCC_WARN_64_TO_32_BIT_CONVERSION = YES;
				GCC_WARN_ABOUT_RETURN_TYPE = YES_ERROR;
				GCC_WARN_UNDECLARED_SELECTOR = YES;
				GCC_WARN_UNINITIALIZED_AUTOS = YES_AGGRESSIVE;
				GCC_WARN_UNUSED_FUNCTION = YES;
				GCC_WARN_UNUSED_VARIABLE = YES;
				IPHONEOS_DEPLOYMENT_TARGET = 9.0;
				MTL_ENABLE_DEBUG_INFO = YES;
				ONLY_ACTIVE_ARCH = YES;
				SDKROOT = iphoneos;
				SWIFT_ACTIVE_COMPILATION_CONDITIONS = DEBUG;
				SWIFT_OPTIMIZATION_LEVEL = "-Onone";
			};
			name = Debug;
		};
		DB63529B20464D1500FEF37D /* Release */ = {
			isa = XCBuildConfiguration;
			buildSettings = {
				ALWAYS_SEARCH_USER_PATHS = NO;
				CLANG_ANALYZER_NONNULL = YES;
				CLANG_ANALYZER_NUMBER_OBJECT_CONVERSION = YES_AGGRESSIVE;
				CLANG_CXX_LANGUAGE_STANDARD = "gnu++14";
				CLANG_CXX_LIBRARY = "libc++";
				CLANG_ENABLE_MODULES = YES;
				CLANG_ENABLE_OBJC_ARC = YES;
				CLANG_WARN_BLOCK_CAPTURE_AUTORELEASING = YES;
				CLANG_WARN_BOOL_CONVERSION = YES;
				CLANG_WARN_COMMA = YES;
				CLANG_WARN_CONSTANT_CONVERSION = YES;
				CLANG_WARN_DIRECT_OBJC_ISA_USAGE = YES_ERROR;
				CLANG_WARN_DOCUMENTATION_COMMENTS = YES;
				CLANG_WARN_EMPTY_BODY = YES;
				CLANG_WARN_ENUM_CONVERSION = YES;
				CLANG_WARN_INFINITE_RECURSION = YES;
				CLANG_WARN_INT_CONVERSION = YES;
				CLANG_WARN_NON_LITERAL_NULL_CONVERSION = YES;
				CLANG_WARN_OBJC_LITERAL_CONVERSION = YES;
				CLANG_WARN_OBJC_ROOT_CLASS = YES_ERROR;
				CLANG_WARN_RANGE_LOOP_ANALYSIS = YES;
				CLANG_WARN_STRICT_PROTOTYPES = YES;
				CLANG_WARN_SUSPICIOUS_MOVE = YES;
				CLANG_WARN_UNGUARDED_AVAILABILITY = YES_AGGRESSIVE;
				CLANG_WARN_UNREACHABLE_CODE = YES;
				CLANG_WARN__DUPLICATE_METHOD_MATCH = YES;
				CODE_SIGN_IDENTITY = "iPhone Developer";
				COPY_PHASE_STRIP = NO;
				DEBUG_INFORMATION_FORMAT = "dwarf-with-dsym";
				ENABLE_NS_ASSERTIONS = NO;
				ENABLE_STRICT_OBJC_MSGSEND = YES;
				GCC_C_LANGUAGE_STANDARD = gnu11;
				GCC_NO_COMMON_BLOCKS = YES;
				GCC_WARN_64_TO_32_BIT_CONVERSION = YES;
				GCC_WARN_ABOUT_RETURN_TYPE = YES_ERROR;
				GCC_WARN_UNDECLARED_SELECTOR = YES;
				GCC_WARN_UNINITIALIZED_AUTOS = YES_AGGRESSIVE;
				GCC_WARN_UNUSED_FUNCTION = YES;
				GCC_WARN_UNUSED_VARIABLE = YES;
				IPHONEOS_DEPLOYMENT_TARGET = 9.0;
				MTL_ENABLE_DEBUG_INFO = NO;
				SDKROOT = iphoneos;
				SWIFT_OPTIMIZATION_LEVEL = "-Owholemodule";
				VALIDATE_PRODUCT = YES;
			};
			name = Release;
		};
		DB63529D20464D1500FEF37D /* Debug */ = {
			isa = XCBuildConfiguration;
			buildSettings = {
				ASSETCATALOG_COMPILER_APPICON_NAME = AppIcon;
				CODE_SIGN_STYLE = Automatic;
				DEVELOPMENT_TEAM = TTUQ83Y5R4;
				INFOPLIST_FILE = "the-weather/Info.plist";
				IPHONEOS_DEPLOYMENT_TARGET = 9.0;
				LD_RUNPATH_SEARCH_PATHS = "$(inherited) @executable_path/Frameworks";
				PRODUCT_BUNDLE_IDENTIFIER = "com.ipardosi.the-weather";
				PRODUCT_NAME = "$(TARGET_NAME)";
				SWIFT_VERSION = 4.0;
				TARGETED_DEVICE_FAMILY = "1,2";
			};
			name = Debug;
		};
		DB63529E20464D1500FEF37D /* Release */ = {
			isa = XCBuildConfiguration;
			buildSettings = {
				ASSETCATALOG_COMPILER_APPICON_NAME = AppIcon;
				CODE_SIGN_STYLE = Automatic;
				DEVELOPMENT_TEAM = TTUQ83Y5R4;
				INFOPLIST_FILE = "the-weather/Info.plist";
				IPHONEOS_DEPLOYMENT_TARGET = 9.0;
				LD_RUNPATH_SEARCH_PATHS = "$(inherited) @executable_path/Frameworks";
				PRODUCT_BUNDLE_IDENTIFIER = "com.ipardosi.the-weather";
				PRODUCT_NAME = "$(TARGET_NAME)";
				SWIFT_VERSION = 4.0;
				TARGETED_DEVICE_FAMILY = "1,2";
			};
			name = Release;
		};
		DB6352A020464D1500FEF37D /* Debug */ = {
			isa = XCBuildConfiguration;
			buildSettings = {
				ALWAYS_EMBED_SWIFT_STANDARD_LIBRARIES = YES;
				BUNDLE_LOADER = "$(TEST_HOST)";
				CODE_SIGN_STYLE = Automatic;
				DEVELOPMENT_TEAM = TTUQ83Y5R4;
				INFOPLIST_FILE = "the-weatherTests/Info.plist";
				LD_RUNPATH_SEARCH_PATHS = "$(inherited) @executable_path/Frameworks @loader_path/Frameworks";
				PRODUCT_BUNDLE_IDENTIFIER = "com.ipardosi.the-weatherTests";
				PRODUCT_NAME = "$(TARGET_NAME)";
				SWIFT_VERSION = 4.0;
				TARGETED_DEVICE_FAMILY = "1,2";
				TEST_HOST = "$(BUILT_PRODUCTS_DIR)/the-weather.app/the-weather";
			};
			name = Debug;
		};
		DB6352A120464D1500FEF37D /* Release */ = {
			isa = XCBuildConfiguration;
			buildSettings = {
				ALWAYS_EMBED_SWIFT_STANDARD_LIBRARIES = YES;
				BUNDLE_LOADER = "$(TEST_HOST)";
				CODE_SIGN_STYLE = Automatic;
				DEVELOPMENT_TEAM = TTUQ83Y5R4;
				INFOPLIST_FILE = "the-weatherTests/Info.plist";
				LD_RUNPATH_SEARCH_PATHS = "$(inherited) @executable_path/Frameworks @loader_path/Frameworks";
				PRODUCT_BUNDLE_IDENTIFIER = "com.ipardosi.the-weatherTests";
				PRODUCT_NAME = "$(TARGET_NAME)";
				SWIFT_VERSION = 4.0;
				TARGETED_DEVICE_FAMILY = "1,2";
				TEST_HOST = "$(BUILT_PRODUCTS_DIR)/the-weather.app/the-weather";
			};
			name = Release;
		};
		DB6352A320464D1500FEF37D /* Debug */ = {
			isa = XCBuildConfiguration;
			buildSettings = {
				ALWAYS_EMBED_SWIFT_STANDARD_LIBRARIES = YES;
				CODE_SIGN_STYLE = Automatic;
				DEVELOPMENT_TEAM = TTUQ83Y5R4;
				INFOPLIST_FILE = "the-weatherUITests/Info.plist";
				LD_RUNPATH_SEARCH_PATHS = "$(inherited) @executable_path/Frameworks @loader_path/Frameworks";
				PRODUCT_BUNDLE_IDENTIFIER = "com.ipardosi.the-weatherUITests";
				PRODUCT_NAME = "$(TARGET_NAME)";
				SWIFT_VERSION = 4.0;
				TARGETED_DEVICE_FAMILY = "1,2";
				TEST_TARGET_NAME = "the-weather";
			};
			name = Debug;
		};
		DB6352A420464D1500FEF37D /* Release */ = {
			isa = XCBuildConfiguration;
			buildSettings = {
				ALWAYS_EMBED_SWIFT_STANDARD_LIBRARIES = YES;
				CODE_SIGN_STYLE = Automatic;
				DEVELOPMENT_TEAM = TTUQ83Y5R4;
				INFOPLIST_FILE = "the-weatherUITests/Info.plist";
				LD_RUNPATH_SEARCH_PATHS = "$(inherited) @executable_path/Frameworks @loader_path/Frameworks";
				PRODUCT_BUNDLE_IDENTIFIER = "com.ipardosi.the-weatherUITests";
				PRODUCT_NAME = "$(TARGET_NAME)";
				SWIFT_VERSION = 4.0;
				TARGETED_DEVICE_FAMILY = "1,2";
				TEST_TARGET_NAME = "the-weather";
			};
			name = Release;
		};
/* End XCBuildConfiguration section */

/* Begin XCConfigurationList section */
		DB63526C20464D1400FEF37D /* Build configuration list for PBXProject "the-weather" */ = {
			isa = XCConfigurationList;
			buildConfigurations = (
				DB63529A20464D1500FEF37D /* Debug */,
				DB63529B20464D1500FEF37D /* Release */,
			);
			defaultConfigurationIsVisible = 0;
			defaultConfigurationName = Release;
		};
		DB63529C20464D1500FEF37D /* Build configuration list for PBXNativeTarget "the-weather" */ = {
			isa = XCConfigurationList;
			buildConfigurations = (
				DB63529D20464D1500FEF37D /* Debug */,
				DB63529E20464D1500FEF37D /* Release */,
			);
			defaultConfigurationIsVisible = 0;
			defaultConfigurationName = Release;
		};
		DB63529F20464D1500FEF37D /* Build configuration list for PBXNativeTarget "the-weatherTests" */ = {
			isa = XCConfigurationList;
			buildConfigurations = (
				DB6352A020464D1500FEF37D /* Debug */,
				DB6352A120464D1500FEF37D /* Release */,
			);
			defaultConfigurationIsVisible = 0;
			defaultConfigurationName = Release;
		};
		DB6352A220464D1500FEF37D /* Build configuration list for PBXNativeTarget "the-weatherUITests" */ = {
			isa = XCConfigurationList;
			buildConfigurations = (
				DB6352A320464D1500FEF37D /* Debug */,
				DB6352A420464D1500FEF37D /* Release */,
			);
			defaultConfigurationIsVisible = 0;
			defaultConfigurationName = Release;
		};
/* End XCConfigurationList section */

/* Begin XCVersionGroup section */
		DB63527B20464D1500FEF37D /* the_weather.xcdatamodeld */ = {
			isa = XCVersionGroup;
			children = (
				DB63527C20464D1500FEF37D /* the_weather.xcdatamodel */,
			);
			currentVersion = DB63527C20464D1500FEF37D /* the_weather.xcdatamodel */;
			path = the_weather.xcdatamodeld;
			sourceTree = "<group>";
			versionGroupType = wrapper.xcdatamodel;
		};
/* End XCVersionGroup section */
	};
	rootObject = DB63526920464D1400FEF37D /* Project object */;
}
