// !$*UTF8*$!
{
	archiveVersion = 1;
	classes = {
	};
	objectVersion = 48;
	objects = {

/* Begin PBXBuildFile section */
		6B00B4EBAECB5A538AF5806F /* Pods_the_weatherTests.framework in Frameworks */ = {isa = PBXBuildFile; fileRef = 248CA72F823FDB3774EF6DE2 /* Pods_the_weatherTests.framework */; };
		6CFACF158A691932B449092D /* Pods_the_weatherUITests.framework in Frameworks */ = {isa = PBXBuildFile; fileRef = 00B969AFB264AE25B67B2FB2 /* Pods_the_weatherUITests.framework */; };
		C13AC412157776948F2A7AE1 /* Pods_the_weather.framework in Frameworks */ = {isa = PBXBuildFile; fileRef = 8A1E81F6242663C074A2C8B8 /* Pods_the_weather.framework */; };
		DB1AEE942063E37A005956A5 /* RootVC.swift in Sources */ = {isa = PBXBuildFile; fileRef = DB1AEE932063E37A005956A5 /* RootVC.swift */; };
		DB1AEE992063E440005956A5 /* SideMenuVC.swift in Sources */ = {isa = PBXBuildFile; fileRef = DB1AEE982063E440005956A5 /* SideMenuVC.swift */; };
		DB1E668320664D51004CC2C7 /* GlobalVariable.swift in Sources */ = {isa = PBXBuildFile; fileRef = DB1E668220664D51004CC2C7 /* GlobalVariable.swift */; };
		DB63527520464D1400FEF37D /* AppDelegate.swift in Sources */ = {isa = PBXBuildFile; fileRef = DB63527420464D1400FEF37D /* AppDelegate.swift */; };
		DB63527720464D1500FEF37D /* WeatherVC.swift in Sources */ = {isa = PBXBuildFile; fileRef = DB63527620464D1500FEF37D /* WeatherVC.swift */; };
		DB63527D20464D1500FEF37D /* the_weather.xcdatamodeld in Sources */ = {isa = PBXBuildFile; fileRef = DB63527B20464D1500FEF37D /* the_weather.xcdatamodeld */; };
		DB63527F20464D1500FEF37D /* Assets.xcassets in Resources */ = {isa = PBXBuildFile; fileRef = DB63527E20464D1500FEF37D /* Assets.xcassets */; };
		DB63528220464D1500FEF37D /* LaunchScreen.storyboard in Resources */ = {isa = PBXBuildFile; fileRef = DB63528020464D1500FEF37D /* LaunchScreen.storyboard */; };
		DB63528D20464D1500FEF37D /* the_weatherTests.swift in Sources */ = {isa = PBXBuildFile; fileRef = DB63528C20464D1500FEF37D /* the_weatherTests.swift */; };
		DB63529820464D1500FEF37D /* the_weatherUITests.swift in Sources */ = {isa = PBXBuildFile; fileRef = DB63529720464D1500FEF37D /* the_weatherUITests.swift */; };
		DB6352AD2046BEC400FEF37D /* Main.storyboard in Resources */ = {isa = PBXBuildFile; fileRef = DB6352AB2046BEC400FEF37D /* Main.storyboard */; };
		DBADD6632067996600481275 /* Config.swift in Sources */ = {isa = PBXBuildFile; fileRef = DBADD6622067996600481275 /* Config.swift */; };
		DBADD6732067A8CB00481275 /* Hind-Light.ttf in Resources */ = {isa = PBXBuildFile; fileRef = DBADD6702067A7E500481275 /* Hind-Light.ttf */; };
		DBADD6742067A8CB00481275 /* Hind-Medium.ttf in Resources */ = {isa = PBXBuildFile; fileRef = DBADD6712067A7E500481275 /* Hind-Medium.ttf */; };
		DBADD6752067A8CB00481275 /* Hind-Regular.ttf in Resources */ = {isa = PBXBuildFile; fileRef = DBADD6722067A7E500481275 /* Hind-Regular.ttf */; };
		DBADD6772067B84600481275 /* Extention.swift in Sources */ = {isa = PBXBuildFile; fileRef = DBADD6762067B84600481275 /* Extention.swift */; };
		DBB08671204D3B320046B1FF /* CityCell.swift in Sources */ = {isa = PBXBuildFile; fileRef = DBB08670204D3B320046B1FF /* CityCell.swift */; };
		DBFBD28C2047B6800011897E /* Constant.swift in Sources */ = {isa = PBXBuildFile; fileRef = DBFBD28B2047B6800011897E /* Constant.swift */; };
		DBFBD28E2047B6D50011897E /* Location.swift in Sources */ = {isa = PBXBuildFile; fileRef = DBFBD28D2047B6D50011897E /* Location.swift */; };
		DBFBD2922047B7720011897E /* Forecast.swift in Sources */ = {isa = PBXBuildFile; fileRef = DBFBD2912047B7720011897E /* Forecast.swift */; };
/* End PBXBuildFile section */

/* Begin PBXContainerItemProxy section */
		DB63528920464D1500FEF37D /* PBXContainerItemProxy */ = {
			isa = PBXContainerItemProxy;
			containerPortal = DB63526920464D1400FEF37D /* Project object */;
			proxyType = 1;
			remoteGlobalIDString = DB63527020464D1400FEF37D;
			remoteInfo = "the-weather";
		};
		DB63529420464D1500FEF37D /* PBXContainerItemProxy */ = {
			isa = PBXContainerItemProxy;
			containerPortal = DB63526920464D1400FEF37D /* Project object */;
			proxyType = 1;
			remoteGlobalIDString = DB63527020464D1400FEF37D;
			remoteInfo = "the-weather";
		};
/* End PBXContainerItemProxy section */

/* Begin PBXFileReference section */
		00B969AFB264AE25B67B2FB2 /* Pods_the_weatherUITests.framework */ = {isa = PBXFileReference; explicitFileType = wrapper.framework; includeInIndex = 0; path = Pods_the_weatherUITests.framework; sourceTree = BUILT_PRODUCTS_DIR; };
		248CA72F823FDB3774EF6DE2 /* Pods_the_weatherTests.framework */ = {isa = PBXFileReference; explicitFileType = wrapper.framework; includeInIndex = 0; path = Pods_the_weatherTests.framework; sourceTree = BUILT_PRODUCTS_DIR; };
		3137F2A0C9672C041B5ABFCA /* Pods-the-weatherTests.release.xcconfig */ = {isa = PBXFileReference; includeInIndex = 1; lastKnownFileType = text.xcconfig; name = "Pods-the-weatherTests.release.xcconfig"; path = "Pods/Target Support Files/Pods-the-weatherTests/Pods-the-weatherTests.release.xcconfig"; sourceTree = "<group>"; };
		5893A75D23EF7AC1F62E97B2 /* Pods-the-weather.debug.xcconfig */ = {isa = PBXFileReference; includeInIndex = 1; lastKnownFileType = text.xcconfig; name = "Pods-the-weather.debug.xcconfig"; path = "Pods/Target Support Files/Pods-the-weather/Pods-the-weather.debug.xcconfig"; sourceTree = "<group>"; };
		61E696CECB0FF83F2A4415BA /* Pods-the-weatherTests.debug.xcconfig */ = {isa = PBXFileReference; includeInIndex = 1; lastKnownFileType = text.xcconfig; name = "Pods-the-weatherTests.debug.xcconfig"; path = "Pods/Target Support Files/Pods-the-weatherTests/Pods-the-weatherTests.debug.xcconfig"; sourceTree = "<group>"; };
		679812BFC39D09F579FC5473 /* Pods-the-weatherUITests.release.xcconfig */ = {isa = PBXFileReference; includeInIndex = 1; lastKnownFileType = text.xcconfig; name = "Pods-the-weatherUITests.release.xcconfig"; path = "Pods/Target Support Files/Pods-the-weatherUITests/Pods-the-weatherUITests.release.xcconfig"; sourceTree = "<group>"; };
		6F08E82089BD361C0DC9439D /* Pods-the-weatherUITests.debug.xcconfig */ = {isa = PBXFileReference; includeInIndex = 1; lastKnownFileType = text.xcconfig; name = "Pods-the-weatherUITests.debug.xcconfig"; path = "Pods/Target Support Files/Pods-the-weatherUITests/Pods-the-weatherUITests.debug.xcconfig"; sourceTree = "<group>"; };
		8A1E81F6242663C074A2C8B8 /* Pods_the_weather.framework */ = {isa = PBXFileReference; explicitFileType = wrapper.framework; includeInIndex = 0; path = Pods_the_weather.framework; sourceTree = BUILT_PRODUCTS_DIR; };
		DB1AEE932063E37A005956A5 /* RootVC.swift */ = {isa = PBXFileReference; lastKnownFileType = sourcecode.swift; path = RootVC.swift; sourceTree = "<group>"; };
		DB1AEE982063E440005956A5 /* SideMenuVC.swift */ = {isa = PBXFileReference; lastKnownFileType = sourcecode.swift; path = SideMenuVC.swift; sourceTree = "<group>"; };
		DB1E668220664D51004CC2C7 /* GlobalVariable.swift */ = {isa = PBXFileReference; lastKnownFileType = sourcecode.swift; path = GlobalVariable.swift; sourceTree = "<group>"; };
		DB63527120464D1400FEF37D /* the-weather.app */ = {isa = PBXFileReference; explicitFileType = wrapper.application; includeInIndex = 0; path = "the-weather.app"; sourceTree = BUILT_PRODUCTS_DIR; };
		DB63527420464D1400FEF37D /* AppDelegate.swift */ = {isa = PBXFileReference; lastKnownFileType = sourcecode.swift; path = AppDelegate.swift; sourceTree = "<group>"; };
		DB63527620464D1500FEF37D /* WeatherVC.swift */ = {isa = PBXFileReference; lastKnownFileType = sourcecode.swift; path = WeatherVC.swift; sourceTree = "<group>"; };
		DB63527C20464D1500FEF37D /* the_weather.xcdatamodel */ = {isa = PBXFileReference; lastKnownFileType = wrapper.xcdatamodel; path = the_weather.xcdatamodel; sourceTree = "<group>"; };
		DB63527E20464D1500FEF37D /* Assets.xcassets */ = {isa = PBXFileReference; lastKnownFileType = folder.assetcatalog; path = Assets.xcassets; sourceTree = "<group>"; };
		DB63528120464D1500FEF37D /* Base */ = {isa = PBXFileReference; lastKnownFileType = file.storyboard; name = Base; path = Base.lproj/LaunchScreen.storyboard; sourceTree = "<group>"; };
		DB63528320464D1500FEF37D /* Info.plist */ = {isa = PBXFileReference; lastKnownFileType = text.plist.xml; path = Info.plist; sourceTree = "<group>"; };
		DB63528820464D1500FEF37D /* the-weatherTests.xctest */ = {isa = PBXFileReference; explicitFileType = wrapper.cfbundle; includeInIndex = 0; path = "the-weatherTests.xctest"; sourceTree = BUILT_PRODUCTS_DIR; };
		DB63528C20464D1500FEF37D /* the_weatherTests.swift */ = {isa = PBXFileReference; lastKnownFileType = sourcecode.swift; path = the_weatherTests.swift; sourceTree = "<group>"; };
		DB63528E20464D1500FEF37D /* Info.plist */ = {isa = PBXFileReference; lastKnownFileType = text.plist.xml; path = Info.plist; sourceTree = "<group>"; };
		DB63529320464D1500FEF37D /* the-weatherUITests.xctest */ = {isa = PBXFileReference; explicitFileType = wrapper.cfbundle; includeInIndex = 0; path = "the-weatherUITests.xctest"; sourceTree = BUILT_PRODUCTS_DIR; };
		DB63529720464D1500FEF37D /* the_weatherUITests.swift */ = {isa = PBXFileReference; lastKnownFileType = sourcecode.swift; path = the_weatherUITests.swift; sourceTree = "<group>"; };
		DB63529920464D1500FEF37D /* Info.plist */ = {isa = PBXFileReference; lastKnownFileType = text.plist.xml; path = Info.plist; sourceTree = "<group>"; };
		DB6352AC2046BEC400FEF37D /* Base */ = {isa = PBXFileReference; lastKnownFileType = file.storyboard; name = Base; path = Base.lproj/Main.storyboard; sourceTree = "<group>"; };
		DBADD6622067996600481275 /* Config.swift */ = {isa = PBXFileReference; lastKnownFileType = sourcecode.swift; path = Config.swift; sourceTree = "<group>"; };
		DBADD6702067A7E500481275 /* Hind-Light.ttf */ = {isa = PBXFileReference; lastKnownFileType = file; path = "Hind-Light.ttf"; sourceTree = "<group>"; };
		DBADD6712067A7E500481275 /* Hind-Medium.ttf */ = {isa = PBXFileReference; lastKnownFileType = file; path = "Hind-Medium.ttf"; sourceTree = "<group>"; };
		DBADD6722067A7E500481275 /* Hind-Regular.ttf */ = {isa = PBXFileReference; lastKnownFileType = file; path = "Hind-Regular.ttf"; sourceTree = "<group>"; };
		DBADD6762067B84600481275 /* Extention.swift */ = {isa = PBXFileReference; lastKnownFileType = sourcecode.swift; path = Extention.swift; sourceTree = "<group>"; };
		DBB08670204D3B320046B1FF /* CityCell.swift */ = {isa = PBXFileReference; lastKnownFileType = sourcecode.swift; path = CityCell.swift; sourceTree = "<group>"; };
		DBFBD28B2047B6800011897E /* Constant.swift */ = {isa = PBXFileReference; lastKnownFileType = sourcecode.swift; path = Constant.swift; sourceTree = "<group>"; };
		DBFBD28D2047B6D50011897E /* Location.swift */ = {isa = PBXFileReference; lastKnownFileType = sourcecode.swift; path = Location.swift; sourceTree = "<group>"; };
		DBFBD2912047B7720011897E /* Forecast.swift */ = {isa = PBXFileReference; lastKnownFileType = sourcecode.swift; path = Forecast.swift; sourceTree = "<group>"; };
		F1029DD548BCB2BB3832FDC3 /* Pods-the-weather.release.xcconfig */ = {isa = PBXFileReference; includeInIndex = 1; lastKnownFileType = text.xcconfig; name = "Pods-the-weather.release.xcconfig"; path = "Pods/Target Support Files/Pods-the-weather/Pods-the-weather.release.xcconfig"; sourceTree = "<group>"; };
/* End PBXFileReference section */

/* Begin PBXFrameworksBuildPhase section */
		DB63526E20464D1400FEF37D /* Frameworks */ = {
			isa = PBXFrameworksBuildPhase;
			buildActionMask = 2147483647;
			files = (
				C13AC412157776948F2A7AE1 /* Pods_the_weather.framework in Frameworks */,
			);
			runOnlyForDeploymentPostprocessing = 0;
		};
		DB63528520464D1500FEF37D /* Frameworks */ = {
			isa = PBXFrameworksBuildPhase;
			buildActionMask = 2147483647;
			files = (
				6B00B4EBAECB5A538AF5806F /* Pods_the_weatherTests.framework in Frameworks */,
			);
			runOnlyForDeploymentPostprocessing = 0;
		};
		DB63529020464D1500FEF37D /* Frameworks */ = {
			isa = PBXFrameworksBuildPhase;
			buildActionMask = 2147483647;
			files = (
				6CFACF158A691932B449092D /* Pods_the_weatherUITests.framework in Frameworks */,
			);
			runOnlyForDeploymentPostprocessing = 0;
		};
/* End PBXFrameworksBuildPhase section */

/* Begin PBXGroup section */
		4C56E7E41CBBCEDBBB376EEE /* Frameworks */ = {
			isa = PBXGroup;
			children = (
				8A1E81F6242663C074A2C8B8 /* Pods_the_weather.framework */,
				248CA72F823FDB3774EF6DE2 /* Pods_the_weatherTests.framework */,
				00B969AFB264AE25B67B2FB2 /* Pods_the_weatherUITests.framework */,
			);
			name = Frameworks;
			sourceTree = "<group>";
		};
		D865DD5A2DFB104CDF1301CF /* Pods */ = {
			isa = PBXGroup;
			children = (
				5893A75D23EF7AC1F62E97B2 /* Pods-the-weather.debug.xcconfig */,
				F1029DD548BCB2BB3832FDC3 /* Pods-the-weather.release.xcconfig */,
				61E696CECB0FF83F2A4415BA /* Pods-the-weatherTests.debug.xcconfig */,
				3137F2A0C9672C041B5ABFCA /* Pods-the-weatherTests.release.xcconfig */,
				6F08E82089BD361C0DC9439D /* Pods-the-weatherUITests.debug.xcconfig */,
				679812BFC39D09F579FC5473 /* Pods-the-weatherUITests.release.xcconfig */,
			);
			name = Pods;
			sourceTree = "<group>";
		};
		DB1AEE952063E3A9005956A5 /* ViewController */ = {
			isa = PBXGroup;
			children = (
				DB63527620464D1500FEF37D /* WeatherVC.swift */,
				DB1AEE982063E440005956A5 /* SideMenuVC.swift */,
				DB1AEE932063E37A005956A5 /* RootVC.swift */,
				DB1AEE962063E3B2005956A5 /* Cell */,
			);
			path = ViewController;
			sourceTree = "<group>";
		};
		DB1AEE962063E3B2005956A5 /* Cell */ = {
			isa = PBXGroup;
			children = (
				DBB08670204D3B320046B1FF /* CityCell.swift */,
			);
			path = Cell;
			sourceTree = "<group>";
		};
		DB1AEE972063E3C7005956A5 /* Model */ = {
			isa = PBXGroup;
			children = (
				DBFBD28B2047B6800011897E /* Constant.swift */,
				DBFBD28D2047B6D50011897E /* Location.swift */,
				DBFBD2912047B7720011897E /* Forecast.swift */,
				DB1E668220664D51004CC2C7 /* GlobalVariable.swift */,
			);
			path = Model;
			sourceTree = "<group>";
		};
		DB39B1682066A0D500F0C667 /* Resources */ = {
			isa = PBXGroup;
			children = (
				DB39B1692066A0DF00F0C667 /* Font */,
			);
			path = Resources;
			sourceTree = "<group>";
		};
		DB39B1692066A0DF00F0C667 /* Font */ = {
			isa = PBXGroup;
			children = (
				DBADD6702067A7E500481275 /* Hind-Light.ttf */,
				DBADD6712067A7E500481275 /* Hind-Medium.ttf */,
				DBADD6722067A7E500481275 /* Hind-Regular.ttf */,
			);
			path = Font;
			sourceTree = "<group>";
		};
		DB63526820464D1400FEF37D = {
			isa = PBXGroup;
			children = (
				DB63527320464D1400FEF37D /* the-weather */,
				DB63528B20464D1500FEF37D /* the-weatherTests */,
				DB63529620464D1500FEF37D /* the-weatherUITests */,
				DB63527220464D1400FEF37D /* Products */,
				D865DD5A2DFB104CDF1301CF /* Pods */,
				4C56E7E41CBBCEDBBB376EEE /* Frameworks */,
			);
			sourceTree = "<group>";
		};
		DB63527220464D1400FEF37D /* Products */ = {
			isa = PBXGroup;
			children = (
				DB63527120464D1400FEF37D /* the-weather.app */,
				DB63528820464D1500FEF37D /* the-weatherTests.xctest */,
				DB63529320464D1500FEF37D /* the-weatherUITests.xctest */,
			);
			name = Products;
			sourceTree = "<group>";
		};
		DB63527320464D1400FEF37D /* the-weather */ = {
			isa = PBXGroup;
			children = (
				DB39B1682066A0D500F0C667 /* Resources */,
				DBADD6612067995400481275 /* Config */,
				DB1AEE972063E3C7005956A5 /* Model */,
				DB1AEE952063E3A9005956A5 /* ViewController */,
				DB63527420464D1400FEF37D /* AppDelegate.swift */,
				DB6352AB2046BEC400FEF37D /* Main.storyboard */,
				DB63527E20464D1500FEF37D /* Assets.xcassets */,
				DB63528020464D1500FEF37D /* LaunchScreen.storyboard */,
				DB63528320464D1500FEF37D /* Info.plist */,
				DB63527B20464D1500FEF37D /* the_weather.xcdatamodeld */,
			);
			path = "the-weather";
			sourceTree = "<group>";
		};
		DB63528B20464D1500FEF37D /* the-weatherTests */ = {
			isa = PBXGroup;
			children = (
				DB63528C20464D1500FEF37D /* the_weatherTests.swift */,
				DB63528E20464D1500FEF37D /* Info.plist */,
			);
			path = "the-weatherTests";
			sourceTree = "<group>";
		};
		DB63529620464D1500FEF37D /* the-weatherUITests */ = {
			isa = PBXGroup;
			children = (
				DB63529720464D1500FEF37D /* the_weatherUITests.swift */,
				DB63529920464D1500FEF37D /* Info.plist */,
			);
			path = "the-weatherUITests";
			sourceTree = "<group>";
		};
		DBADD6612067995400481275 /* Config */ = {
			isa = PBXGroup;
			children = (
				DBADD6622067996600481275 /* Config.swift */,
				DBADD6762067B84600481275 /* Extention.swift */,
			);
			path = Config;
			sourceTree = "<group>";
		};
/* End PBXGroup section */

/* Begin PBXNativeTarget section */
		DB63527020464D1400FEF37D /* the-weather */ = {
			isa = PBXNativeTarget;
			buildConfigurationList = DB63529C20464D1500FEF37D /* Build configuration list for PBXNativeTarget "the-weather" */;
			buildPhases = (
				6DB3E339B5BCE0F86FFF4CD7 /* [CP] Check Pods Manifest.lock */,
				DB63526D20464D1400FEF37D /* Sources */,
				DB63526E20464D1400FEF37D /* Frameworks */,
				DB63526F20464D1400FEF37D /* Resources */,
				FFAB23651DFED5F8552BAD3F /* [CP] Embed Pods Frameworks */,
				007A9E9C31ECED0396435258 /* [CP] Copy Pods Resources */,
			);
			buildRules = (
			);
			dependencies = (
			);
			name = "the-weather";
			productName = "the-weather";
			productReference = DB63527120464D1400FEF37D /* the-weather.app */;
			productType = "com.apple.product-type.application";
		};
		DB63528720464D1500FEF37D /* the-weatherTests */ = {
			isa = PBXNativeTarget;
			buildConfigurationList = DB63529F20464D1500FEF37D /* Build configuration list for PBXNativeTarget "the-weatherTests" */;
			buildPhases = (
				E21EE8F25447488BD9B68330 /* [CP] Check Pods Manifest.lock */,
				DB63528420464D1500FEF37D /* Sources */,
				DB63528520464D1500FEF37D /* Frameworks */,
				DB63528620464D1500FEF37D /* Resources */,
				F497D8FCFC089639B04C7462 /* [CP] Embed Pods Frameworks */,
				7512E17566AAF88595B969E6 /* [CP] Copy Pods Resources */,
			);
			buildRules = (
			);
			dependencies = (
				DB63528A20464D1500FEF37D /* PBXTargetDependency */,
			);
			name = "the-weatherTests";
			productName = "the-weatherTests";
			productReference = DB63528820464D1500FEF37D /* the-weatherTests.xctest */;
			productType = "com.apple.product-type.bundle.unit-test";
		};
		DB63529220464D1500FEF37D /* the-weatherUITests */ = {
			isa = PBXNativeTarget;
			buildConfigurationList = DB6352A220464D1500FEF37D /* Build configuration list for PBXNativeTarget "the-weatherUITests" */;
			buildPhases = (
				F9CA4308F04A0D7C8BDD0E5A /* [CP] Check Pods Manifest.lock */,
				DB63528F20464D1500FEF37D /* Sources */,
				DB63529020464D1500FEF37D /* Frameworks */,
				DB63529120464D1500FEF37D /* Resources */,
				1988FBF4C95FB6D48B2D2E49 /* [CP] Embed Pods Frameworks */,
				CB855D243D4D15F9953B2D57 /* [CP] Copy Pods Resources */,
			);
			buildRules = (
			);
			dependencies = (
				DB63529520464D1500FEF37D /* PBXTargetDependency */,
			);
			name = "the-weatherUITests";
			productName = "the-weatherUITests";
			productReference = DB63529320464D1500FEF37D /* the-weatherUITests.xctest */;
			productType = "com.apple.product-type.bundle.ui-testing";
		};
/* End PBXNativeTarget section */

/* Begin PBXProject section */
		DB63526920464D1400FEF37D /* Project object */ = {
			isa = PBXProject;
			attributes = {
				LastSwiftUpdateCheck = 0920;
				LastUpgradeCheck = 0920;
				ORGANIZATIONNAME = moonshadow;
				TargetAttributes = {
					DB63527020464D1400FEF37D = {
						CreatedOnToolsVersion = 9.2;
						ProvisioningStyle = Automatic;
					};
					DB63528720464D1500FEF37D = {
						CreatedOnToolsVersion = 9.2;
						ProvisioningStyle = Automatic;
						TestTargetID = DB63527020464D1400FEF37D;
					};
					DB63529220464D1500FEF37D = {
						CreatedOnToolsVersion = 9.2;
						ProvisioningStyle = Automatic;
						TestTargetID = DB63527020464D1400FEF37D;
					};
				};
			};
			buildConfigurationList = DB63526C20464D1400FEF37D /* Build configuration list for PBXProject "the-weather" */;
			compatibilityVersion = "Xcode 8.0";
			developmentRegion = en;
			hasScannedForEncodings = 0;
			knownRegions = (
				en,
				Base,
			);
			mainGroup = DB63526820464D1400FEF37D;
			productRefGroup = DB63527220464D1400FEF37D /* Products */;
			projectDirPath = "";
			projectRoot = "";
			targets = (
				DB63527020464D1400FEF37D /* the-weather */,
				DB63528720464D1500FEF37D /* the-weatherTests */,
				DB63529220464D1500FEF37D /* the-weatherUITests */,
			);
		};
/* End PBXProject section */

/* Begin PBXResourcesBuildPhase section */
		DB63526F20464D1400FEF37D /* Resources */ = {
			isa = PBXResourcesBuildPhase;
			buildActionMask = 2147483647;
			files = (
				DBADD6732067A8CB00481275 /* Hind-Light.ttf in Resources */,
				DBADD6742067A8CB00481275 /* Hind-Medium.ttf in Resources */,
				DBADD6752067A8CB00481275 /* Hind-Regular.ttf in Resources */,
				DB63528220464D1500FEF37D /* LaunchScreen.storyboard in Resources */,
				DB6352AD2046BEC400FEF37D /* Main.storyboard in Resources */,
				DB63527F20464D1500FEF37D /* Assets.xcassets in Resources */,
			);
			runOnlyForDeploymentPostprocessing = 0;
		};
		DB63528620464D1500FEF37D /* Resources */ = {
			isa = PBXResourcesBuildPhase;
			buildActionMask = 2147483647;
			files = (
			);
			runOnlyForDeploymentPostprocessing = 0;
		};
		DB63529120464D1500FEF37D /* Resources */ = {
			isa = PBXResourcesBuildPhase;
			buildActionMask = 2147483647;
			files = (
			);
			runOnlyForDeploymentPostprocessing = 0;
		};
/* End PBXResourcesBuildPhase section */

/* Begin PBXShellScriptBuildPhase section */
		007A9E9C31ECED0396435258 /* [CP] Copy Pods Resources */ = {
			isa = PBXShellScriptBuildPhase;
			buildActionMask = 2147483647;
			files = (
			);
			inputPaths = (
				"${SRCROOT}/Pods/Target Support Files/Pods-the-weather/Pods-the-weather-resources.sh",
				"${PODS_ROOT}/GooglePlaces/Frameworks/GooglePlaces.framework/Resources/GooglePlaces.bundle",
			);
			name = "[CP] Copy Pods Resources";
			outputPaths = (
				"${TARGET_BUILD_DIR}/${UNLOCALIZED_RESOURCES_FOLDER_PATH}/GooglePlaces.bundle",
			);
			runOnlyForDeploymentPostprocessing = 0;
			shellPath = /bin/sh;
			shellScript = "\"${SRCROOT}/Pods/Target Support Files/Pods-the-weather/Pods-the-weather-resources.sh\"\n";
			showEnvVarsInLog = 0;
		};
		1988FBF4C95FB6D48B2D2E49 /* [CP] Embed Pods Frameworks */ = {
			isa = PBXShellScriptBuildPhase;
			buildActionMask = 2147483647;
			files = (
			);
			inputPaths = (
			);
			name = "[CP] Embed Pods Frameworks";
			outputPaths = (
			);
			runOnlyForDeploymentPostprocessing = 0;
			shellPath = /bin/sh;
			shellScript = "\"${SRCROOT}/Pods/Target Support Files/Pods-the-weatherUITests/Pods-the-weatherUITests-frameworks.sh\"\n";
			showEnvVarsInLog = 0;
		};
		6DB3E339B5BCE0F86FFF4CD7 /* [CP] Check Pods Manifest.lock */ = {
			isa = PBXShellScriptBuildPhase;
			buildActionMask = 2147483647;
			files = (
			);
			inputPaths = (
				"${PODS_PODFILE_DIR_PATH}/Podfile.lock",
				"${PODS_ROOT}/Manifest.lock",
			);
			name = "[CP] Check Pods Manifest.lock";
			outputPaths = (
				"$(DERIVED_FILE_DIR)/Pods-the-weather-checkManifestLockResult.txt",
			);
			runOnlyForDeploymentPostprocessing = 0;
			shellPath = /bin/sh;
			shellScript = "diff \"${PODS_PODFILE_DIR_PATH}/Podfile.lock\" \"${PODS_ROOT}/Manifest.lock\" > /dev/null\nif [ $? != 0 ] ; then\n    # print error to STDERR\n    echo \"error: The sandbox is not in sync with the Podfile.lock. Run 'pod install' or update your CocoaPods installation.\" >&2\n    exit 1\nfi\n# This output is used by Xcode 'outputs' to avoid re-running this script phase.\necho \"SUCCESS\" > \"${SCRIPT_OUTPUT_FILE_0}\"\n";
			showEnvVarsInLog = 0;
		};
		7512E17566AAF88595B969E6 /* [CP] Copy Pods Resources */ = {
			isa = PBXShellScriptBuildPhase;
			buildActionMask = 2147483647;
			files = (
			);
			inputPaths = (
			);
			name = "[CP] Copy Pods Resources";
			outputPaths = (
			);
			runOnlyForDeploymentPostprocessing = 0;
			shellPath = /bin/sh;
			shellScript = "\"${SRCROOT}/Pods/Target Support Files/Pods-the-weatherTests/Pods-the-weatherTests-resources.sh\"\n";
			showEnvVarsInLog = 0;
		};
		CB855D243D4D15F9953B2D57 /* [CP] Copy Pods Resources */ = {
			isa = PBXShellScriptBuildPhase;
			buildActionMask = 2147483647;
			files = (
			);
			inputPaths = (
			);
			name = "[CP] Copy Pods Resources";
			outputPaths = (
			);
			runOnlyForDeploymentPostprocessing = 0;
			shellPath = /bin/sh;
			shellScript = "\"${SRCROOT}/Pods/Target Support Files/Pods-the-weatherUITests/Pods-the-weatherUITests-resources.sh\"\n";
			showEnvVarsInLog = 0;
		};
		E21EE8F25447488BD9B68330 /* [CP] Check Pods Manifest.lock */ = {
			isa = PBXShellScriptBuildPhase;
			buildActionMask = 2147483647;
			files = (
			);
			inputPaths = (
				"${PODS_PODFILE_DIR_PATH}/Podfile.lock",
				"${PODS_ROOT}/Manifest.lock",
			);
			name = "[CP] Check Pods Manifest.lock";
			outputPaths = (
				"$(DERIVED_FILE_DIR)/Pods-the-weatherTests-checkManifestLockResult.txt",
			);
			runOnlyForDeploymentPostprocessing = 0;
			shellPath = /bin/sh;
			shellScript = "diff \"${PODS_PODFILE_DIR_PATH}/Podfile.lock\" \"${PODS_ROOT}/Manifest.lock\" > /dev/null\nif [ $? != 0 ] ; then\n    # print error to STDERR\n    echo \"error: The sandbox is not in sync with the Podfile.lock. Run 'pod install' or update your CocoaPods installation.\" >&2\n    exit 1\nfi\n# This output is used by Xcode 'outputs' to avoid re-running this script phase.\necho \"SUCCESS\" > \"${SCRIPT_OUTPUT_FILE_0}\"\n";
			showEnvVarsInLog = 0;
		};
		F497D8FCFC089639B04C7462 /* [CP] Embed Pods Frameworks */ = {
			isa = PBXShellScriptBuildPhase;
			buildActionMask = 2147483647;
			files = (
			);
			inputPaths = (
			);
			name = "[CP] Embed Pods Frameworks";
			outputPaths = (
			);
			runOnlyForDeploymentPostprocessing = 0;
			shellPath = /bin/sh;
			shellScript = "\"${SRCROOT}/Pods/Target Support Files/Pods-the-weatherTests/Pods-the-weatherTests-frameworks.sh\"\n";
			showEnvVarsInLog = 0;
		};
		F9CA4308F04A0D7C8BDD0E5A /* [CP] Check Pods Manifest.lock */ = {
			isa = PBXShellScriptBuildPhase;
			buildActionMask = 2147483647;
			files = (
			);
			inputPaths = (
				"${PODS_PODFILE_DIR_PATH}/Podfile.lock",
				"${PODS_ROOT}/Manifest.lock",
			);
			name = "[CP] Check Pods Manifest.lock";
			outputPaths = (
				"$(DERIVED_FILE_DIR)/Pods-the-weatherUITests-checkManifestLockResult.txt",
			);
			runOnlyForDeploymentPostprocessing = 0;
			shellPath = /bin/sh;
			shellScript = "diff \"${PODS_PODFILE_DIR_PATH}/Podfile.lock\" \"${PODS_ROOT}/Manifest.lock\" > /dev/null\nif [ $? != 0 ] ; then\n    # print error to STDERR\n    echo \"error: The sandbox is not in sync with the Podfile.lock. Run 'pod install' or update your CocoaPods installation.\" >&2\n    exit 1\nfi\n# This output is used by Xcode 'outputs' to avoid re-running this script phase.\necho \"SUCCESS\" > \"${SCRIPT_OUTPUT_FILE_0}\"\n";
			showEnvVarsInLog = 0;
		};
		FFAB23651DFED5F8552BAD3F /* [CP] Embed Pods Frameworks */ = {
			isa = PBXShellScriptBuildPhase;
			buildActionMask = 2147483647;
			files = (
			);
			inputPaths = (
				"${SRCROOT}/Pods/Target Support Files/Pods-the-weather/Pods-the-weather-frameworks.sh",
				"${BUILT_PRODUCTS_DIR}/AKSideMenu/AKSideMenu.framework",
				"${BUILT_PRODUCTS_DIR}/Alamofire/Alamofire.framework",
				"${BUILT_PRODUCTS_DIR}/JGProgressHUD/JGProgressHUD.framework",
				"${BUILT_PRODUCTS_DIR}/TemperatureConverter/TemperatureConverter.framework",
			);
			name = "[CP] Embed Pods Frameworks";
			outputPaths = (
				"${TARGET_BUILD_DIR}/${FRAMEWORKS_FOLDER_PATH}/AKSideMenu.framework",
				"${TARGET_BUILD_DIR}/${FRAMEWORKS_FOLDER_PATH}/Alamofire.framework",
				"${TARGET_BUILD_DIR}/${FRAMEWORKS_FOLDER_PATH}/JGProgressHUD.framework",
				"${TARGET_BUILD_DIR}/${FRAMEWORKS_FOLDER_PATH}/TemperatureConverter.framework",
			);
			runOnlyForDeploymentPostprocessing = 0;
			shellPath = /bin/sh;
			shellScript = "\"${SRCROOT}/Pods/Target Support Files/Pods-the-weather/Pods-the-weather-frameworks.sh\"\n";
			showEnvVarsInLog = 0;
		};
/* End PBXShellScriptBuildPhase section */

/* Begin PBXSourcesBuildPhase section */
		DB63526D20464D1400FEF37D /* Sources */ = {
			isa = PBXSourcesBuildPhase;
			buildActionMask = 2147483647;
			files = (
				DB63527D20464D1500FEF37D /* the_weather.xcdatamodeld in Sources */,
				DB63527720464D1500FEF37D /* WeatherVC.swift in Sources */,
				DBFBD2922047B7720011897E /* Forecast.swift in Sources */,
				DBFBD28E2047B6D50011897E /* Location.swift in Sources */,
				DBADD6772067B84600481275 /* Extention.swift in Sources */,
				DBADD6632067996600481275 /* Config.swift in Sources */,
				DBB08671204D3B320046B1FF /* CityCell.swift in Sources */,
				DB1AEE942063E37A005956A5 /* RootVC.swift in Sources */,
				DB1E668320664D51004CC2C7 /* GlobalVariable.swift in Sources */,
				DB1AEE992063E440005956A5 /* SideMenuVC.swift in Sources */,
				DB63527520464D1400FEF37D /* AppDelegate.swift in Sources */,
				DBFBD28C2047B6800011897E /* Constant.swift in Sources */,
			);
			runOnlyForDeploymentPostprocessing = 0;
		};
		DB63528420464D1500FEF37D /* Sources */ = {
			isa = PBXSourcesBuildPhase;
			buildActionMask = 2147483647;
			files = (
				DB63528D20464D1500FEF37D /* the_weatherTests.swift in Sources */,
			);
			runOnlyForDeploymentPostprocessing = 0;
		};
		DB63528F20464D1500FEF37D /* Sources */ = {
			isa = PBXSourcesBuildPhase;
			buildActionMask = 2147483647;
			files = (
				DB63529820464D1500FEF37D /* the_weatherUITests.swift in Sources */,
			);
			runOnlyForDeploymentPostprocessing = 0;
		};
/* End PBXSourcesBuildPhase section */

/* Begin PBXTargetDependency section */
		DB63528A20464D1500FEF37D /* PBXTargetDependency */ = {
			isa = PBXTargetDependency;
			target = DB63527020464D1400FEF37D /* the-weather */;
			targetProxy = DB63528920464D1500FEF37D /* PBXContainerItemProxy */;
		};
		DB63529520464D1500FEF37D /* PBXTargetDependency */ = {
			isa = PBXTargetDependency;
			target = DB63527020464D1400FEF37D /* the-weather */;
			targetProxy = DB63529420464D1500FEF37D /* PBXContainerItemProxy */;
		};
/* End PBXTargetDependency section */

/* Begin PBXVariantGroup section */
		DB63528020464D1500FEF37D /* LaunchScreen.storyboard */ = {
			isa = PBXVariantGroup;
			children = (
				DB63528120464D1500FEF37D /* Base */,
			);
			name = LaunchScreen.storyboard;
			sourceTree = "<group>";
		};
		DB6352AB2046BEC400FEF37D /* Main.storyboard */ = {
			isa = PBXVariantGroup;
			children = (
				DB6352AC2046BEC400FEF37D /* Base */,
			);
			name = Main.storyboard;
			sourceTree = "<group>";
		};
/* End PBXVariantGroup section */

/* Begin XCBuildConfiguration section */
		DB63529A20464D1500FEF37D /* Debug */ = {
			isa = XCBuildConfiguration;
			buildSettings = {
				ALWAYS_SEARCH_USER_PATHS = NO;
				CLANG_ANALYZER_NONNULL = YES;
				CLANG_ANALYZER_NUMBER_OBJECT_CONVERSION = YES_AGGRESSIVE;
				CLANG_CXX_LANGUAGE_STANDARD = "gnu++14";
				CLANG_CXX_LIBRARY = "libc++";
				CLANG_ENABLE_MODULES = YES;
				CLANG_ENABLE_OBJC_ARC = YES;
				CLANG_WARN_BLOCK_CAPTURE_AUTORELEASING = YES;
				CLANG_WARN_BOOL_CONVERSION = YES;
				CLANG_WARN_COMMA = YES;
				CLANG_WARN_CONSTANT_CONVERSION = YES;
				CLANG_WARN_DIRECT_OBJC_ISA_USAGE = YES_ERROR;
				CLANG_WARN_DOCUMENTATION_COMMENTS = YES;
				CLANG_WARN_EMPTY_BODY = YES;
				CLANG_WARN_ENUM_CONVERSION = YES;
				CLANG_WARN_INFINITE_RECURSION = YES;
				CLANG_WARN_INT_CONVERSION = YES;
				CLANG_WARN_NON_LITERAL_NULL_CONVERSION = YES;
				CLANG_WARN_OBJC_LITERAL_CONVERSION = YES;
				CLANG_WARN_OBJC_ROOT_CLASS = YES_ERROR;
				CLANG_WARN_RANGE_LOOP_ANALYSIS = YES;
				CLANG_WARN_STRICT_PROTOTYPES = YES;
				CLANG_WARN_SUSPICIOUS_MOVE = YES;
				CLANG_WARN_UNGUARDED_AVAILABILITY = YES_AGGRESSIVE;
				CLANG_WARN_UNREACHABLE_CODE = YES;
				CLANG_WARN__DUPLICATE_METHOD_MATCH = YES;
				CODE_SIGN_IDENTITY = "iPhone Developer";
				COPY_PHASE_STRIP = NO;
				DEBUG_INFORMATION_FORMAT = dwarf;
				ENABLE_STRICT_OBJC_MSGSEND = YES;
				ENABLE_TESTABILITY = YES;
				GCC_C_LANGUAGE_STANDARD = gnu11;
				GCC_DYNAMIC_NO_PIC = NO;
				GCC_NO_COMMON_BLOCKS = YES;
				GCC_OPTIMIZATION_LEVEL = 0;
				GCC_PREPROCESSOR_DEFINITIONS = (
					"DEBUG=1",
					"$(inherited)",
				);
				GCC_WARN_64_TO_32_BIT_CONVERSION = YES;
				GCC_WARN_ABOUT_RETURN_TYPE = YES_ERROR;
				GCC_WARN_UNDECLARED_SELECTOR = YES;
				GCC_WARN_UNINITIALIZED_AUTOS = YES_AGGRESSIVE;
				GCC_WARN_UNUSED_FUNCTION = YES;
				GCC_WARN_UNUSED_VARIABLE = YES;
				IPHONEOS_DEPLOYMENT_TARGET = 10.0;
				MTL_ENABLE_DEBUG_INFO = YES;
				ONLY_ACTIVE_ARCH = YES;
				SDKROOT = iphoneos;
				SWIFT_ACTIVE_COMPILATION_CONDITIONS = DEBUG;
				SWIFT_OPTIMIZATION_LEVEL = "-Onone";
			};
			name = Debug;
		};
		DB63529B20464D1500FEF37D /* Release */ = {
			isa = XCBuildConfiguration;
			buildSettings = {
				ALWAYS_SEARCH_USER_PATHS = NO;
				CLANG_ANALYZER_NONNULL = YES;
				CLANG_ANALYZER_NUMBER_OBJECT_CONVERSION = YES_AGGRESSIVE;
				CLANG_CXX_LANGUAGE_STANDARD = "gnu++14";
				CLANG_CXX_LIBRARY = "libc++";
				CLANG_ENABLE_MODULES = YES;
				CLANG_ENABLE_OBJC_ARC = YES;
				CLANG_WARN_BLOCK_CAPTURE_AUTORELEASING = YES;
				CLANG_WARN_BOOL_CONVERSION = YES;
				CLANG_WARN_COMMA = YES;
				CLANG_WARN_CONSTANT_CONVERSION = YES;
				CLANG_WARN_DIRECT_OBJC_ISA_USAGE = YES_ERROR;
				CLANG_WARN_DOCUMENTATION_COMMENTS = YES;
				CLANG_WARN_EMPTY_BODY = YES;
				CLANG_WARN_ENUM_CONVERSION = YES;
				CLANG_WARN_INFINITE_RECURSION = YES;
				CLANG_WARN_INT_CONVERSION = YES;
				CLANG_WARN_NON_LITERAL_NULL_CONVERSION = YES;
				CLANG_WARN_OBJC_LITERAL_CONVERSION = YES;
				CLANG_WARN_OBJC_ROOT_CLASS = YES_ERROR;
				CLANG_WARN_RANGE_LOOP_ANALYSIS = YES;
				CLANG_WARN_STRICT_PROTOTYPES = YES;
				CLANG_WARN_SUSPICIOUS_MOVE = YES;
				CLANG_WARN_UNGUARDED_AVAILABILITY = YES_AGGRESSIVE;
				CLANG_WARN_UNREACHABLE_CODE = YES;
				CLANG_WARN__DUPLICATE_METHOD_MATCH = YES;
				CODE_SIGN_IDENTITY = "iPhone Developer";
				COPY_PHASE_STRIP = NO;
				DEBUG_INFORMATION_FORMAT = "dwarf-with-dsym";
				ENABLE_NS_ASSERTIONS = NO;
				ENABLE_STRICT_OBJC_MSGSEND = YES;
				GCC_C_LANGUAGE_STANDARD = gnu11;
				GCC_NO_COMMON_BLOCKS = YES;
				GCC_WARN_64_TO_32_BIT_CONVERSION = YES;
				GCC_WARN_ABOUT_RETURN_TYPE = YES_ERROR;
				GCC_WARN_UNDECLARED_SELECTOR = YES;
				GCC_WARN_UNINITIALIZED_AUTOS = YES_AGGRESSIVE;
				GCC_WARN_UNUSED_FUNCTION = YES;
				GCC_WARN_UNUSED_VARIABLE = YES;
				IPHONEOS_DEPLOYMENT_TARGET = 10.0;
				MTL_ENABLE_DEBUG_INFO = NO;
				SDKROOT = iphoneos;
				SWIFT_OPTIMIZATION_LEVEL = "-Owholemodule";
				VALIDATE_PRODUCT = YES;
			};
			name = Release;
		};
		DB63529D20464D1500FEF37D /* Debug */ = {
			isa = XCBuildConfiguration;
			baseConfigurationReference = 5893A75D23EF7AC1F62E97B2 /* Pods-the-weather.debug.xcconfig */;
			buildSettings = {
				ASSETCATALOG_COMPILER_APPICON_NAME = AppIcon;
				CODE_SIGN_STYLE = Automatic;
				DEVELOPMENT_TEAM = TTUQ83Y5R4;
				INFOPLIST_FILE = "the-weather/Info.plist";
				IPHONEOS_DEPLOYMENT_TARGET = 10.0;
				LD_RUNPATH_SEARCH_PATHS = "$(inherited) @executable_path/Frameworks";
				PRODUCT_BUNDLE_IDENTIFIER = "com.ipardosi.the-weather";
				PRODUCT_NAME = "$(TARGET_NAME)";
				SWIFT_VERSION = 4.0;
				TARGETED_DEVICE_FAMILY = "1,2";
			};
			name = Debug;
		};
		DB63529E20464D1500FEF37D /* Release */ = {
			isa = XCBuildConfiguration;
			baseConfigurationReference = F1029DD548BCB2BB3832FDC3 /* Pods-the-weather.release.xcconfig */;
			buildSettings = {
				ASSETCATALOG_COMPILER_APPICON_NAME = AppIcon;
				CODE_SIGN_STYLE = Automatic;
				DEVELOPMENT_TEAM = TTUQ83Y5R4;
				INFOPLIST_FILE = "the-weather/Info.plist";
				IPHONEOS_DEPLOYMENT_TARGET = 10.0;
				LD_RUNPATH_SEARCH_PATHS = "$(inherited) @executable_path/Frameworks";
				PRODUCT_BUNDLE_IDENTIFIER = "com.ipardosi.the-weather";
				PRODUCT_NAME = "$(TARGET_NAME)";
				SWIFT_VERSION = 4.0;
				TARGETED_DEVICE_FAMILY = "1,2";
			};
			name = Release;
		};
		DB6352A020464D1500FEF37D /* Debug */ = {
			isa = XCBuildConfiguration;
			baseConfigurationReference = 61E696CECB0FF83F2A4415BA /* Pods-the-weatherTests.debug.xcconfig */;
			buildSettings = {
				ALWAYS_EMBED_SWIFT_STANDARD_LIBRARIES = YES;
				BUNDLE_LOADER = "$(TEST_HOST)";
				CODE_SIGN_STYLE = Automatic;
				DEVELOPMENT_TEAM = TTUQ83Y5R4;
				INFOPLIST_FILE = "the-weatherTests/Info.plist";
				LD_RUNPATH_SEARCH_PATHS = "$(inherited) @executable_path/Frameworks @loader_path/Frameworks";
				PRODUCT_BUNDLE_IDENTIFIER = "com.ipardosi.the-weatherTests";
				PRODUCT_NAME = "$(TARGET_NAME)";
				SWIFT_VERSION = 4.0;
				TARGETED_DEVICE_FAMILY = "1,2";
				TEST_HOST = "$(BUILT_PRODUCTS_DIR)/the-weather.app/the-weather";
			};
			name = Debug;
		};
		DB6352A120464D1500FEF37D /* Release */ = {
			isa = XCBuildConfiguration;
			baseConfigurationReference = 3137F2A0C9672C041B5ABFCA /* Pods-the-weatherTests.release.xcconfig */;
			buildSettings = {
				ALWAYS_EMBED_SWIFT_STANDARD_LIBRARIES = YES;
				BUNDLE_LOADER = "$(TEST_HOST)";
				CODE_SIGN_STYLE = Automatic;
				DEVELOPMENT_TEAM = TTUQ83Y5R4;
				INFOPLIST_FILE = "the-weatherTests/Info.plist";
				LD_RUNPATH_SEARCH_PATHS = "$(inherited) @executable_path/Frameworks @loader_path/Frameworks";
				PRODUCT_BUNDLE_IDENTIFIER = "com.ipardosi.the-weatherTests";
				PRODUCT_NAME = "$(TARGET_NAME)";
				SWIFT_VERSION = 4.0;
				TARGETED_DEVICE_FAMILY = "1,2";
				TEST_HOST = "$(BUILT_PRODUCTS_DIR)/the-weather.app/the-weather";
			};
			name = Release;
		};
		DB6352A320464D1500FEF37D /* Debug */ = {
			isa = XCBuildConfiguration;
			baseConfigurationReference = 6F08E82089BD361C0DC9439D /* Pods-the-weatherUITests.debug.xcconfig */;
			buildSettings = {
				ALWAYS_EMBED_SWIFT_STANDARD_LIBRARIES = YES;
				CODE_SIGN_STYLE = Automatic;
				DEVELOPMENT_TEAM = TTUQ83Y5R4;
				INFOPLIST_FILE = "the-weatherUITests/Info.plist";
				LD_RUNPATH_SEARCH_PATHS = "$(inherited) @executable_path/Frameworks @loader_path/Frameworks";
				PRODUCT_BUNDLE_IDENTIFIER = "com.ipardosi.the-weatherUITests";
				PRODUCT_NAME = "$(TARGET_NAME)";
				SWIFT_VERSION = 4.0;
				TARGETED_DEVICE_FAMILY = "1,2";
				TEST_TARGET_NAME = "the-weather";
			};
			name = Debug;
		};
		DB6352A420464D1500FEF37D /* Release */ = {
			isa = XCBuildConfiguration;
			baseConfigurationReference = 679812BFC39D09F579FC5473 /* Pods-the-weatherUITests.release.xcconfig */;
			buildSettings = {
				ALWAYS_EMBED_SWIFT_STANDARD_LIBRARIES = YES;
				CODE_SIGN_STYLE = Automatic;
				DEVELOPMENT_TEAM = TTUQ83Y5R4;
				INFOPLIST_FILE = "the-weatherUITests/Info.plist";
				LD_RUNPATH_SEARCH_PATHS = "$(inherited) @executable_path/Frameworks @loader_path/Frameworks";
				PRODUCT_BUNDLE_IDENTIFIER = "com.ipardosi.the-weatherUITests";
				PRODUCT_NAME = "$(TARGET_NAME)";
				SWIFT_VERSION = 4.0;
				TARGETED_DEVICE_FAMILY = "1,2";
				TEST_TARGET_NAME = "the-weather";
			};
			name = Release;
		};
/* End XCBuildConfiguration section */

/* Begin XCConfigurationList section */
		DB63526C20464D1400FEF37D /* Build configuration list for PBXProject "the-weather" */ = {
			isa = XCConfigurationList;
			buildConfigurations = (
				DB63529A20464D1500FEF37D /* Debug */,
				DB63529B20464D1500FEF37D /* Release */,
			);
			defaultConfigurationIsVisible = 0;
			defaultConfigurationName = Release;
		};
		DB63529C20464D1500FEF37D /* Build configuration list for PBXNativeTarget "the-weather" */ = {
			isa = XCConfigurationList;
			buildConfigurations = (
				DB63529D20464D1500FEF37D /* Debug */,
				DB63529E20464D1500FEF37D /* Release */,
			);
			defaultConfigurationIsVisible = 0;
			defaultConfigurationName = Release;
		};
		DB63529F20464D1500FEF37D /* Build configuration list for PBXNativeTarget "the-weatherTests" */ = {
			isa = XCConfigurationList;
			buildConfigurations = (
				DB6352A020464D1500FEF37D /* Debug */,
				DB6352A120464D1500FEF37D /* Release */,
			);
			defaultConfigurationIsVisible = 0;
			defaultConfigurationName = Release;
		};
		DB6352A220464D1500FEF37D /* Build configuration list for PBXNativeTarget "the-weatherUITests" */ = {
			isa = XCConfigurationList;
			buildConfigurations = (
				DB6352A320464D1500FEF37D /* Debug */,
				DB6352A420464D1500FEF37D /* Release */,
			);
			defaultConfigurationIsVisible = 0;
			defaultConfigurationName = Release;
		};
/* End XCConfigurationList section */

/* Begin XCVersionGroup section */
		DB63527B20464D1500FEF37D /* the_weather.xcdatamodeld */ = {
			isa = XCVersionGroup;
			children = (
				DB63527C20464D1500FEF37D /* the_weather.xcdatamodel */,
			);
			currentVersion = DB63527C20464D1500FEF37D /* the_weather.xcdatamodel */;
			path = the_weather.xcdatamodeld;
			sourceTree = "<group>";
			versionGroupType = wrapper.xcdatamodel;
		};
/* End XCVersionGroup section */
	};
	rootObject = DB63526920464D1400FEF37D /* Project object */;
}
